
Microsoft Visual Studio Solution File, Format Version 12.00
# Visual Studio Version 17
VisualStudioVersion = 17.5.33414.496
MinimumVisualStudioVersion = 10.0.40219.1
Project("{FAE04EC0-301F-11D3-BF4B-00C04F79EFBC}") = "Agile_QLSV_Nhom", "Agile_QLSV_Nhom\Agile_QLSV_Nhom.csproj", "{0CCB3AE8-B7C8-4B46-A186-2FF8F0A5E656}"
EndProject
Global
	GlobalSection(SolutionConfigurationPlatforms) = preSolution
		Debug|Any CPU = Debug|Any CPU
		Release|Any CPU = Release|Any CPU
	EndGlobalSection
	GlobalSection(ProjectConfigurationPlatforms) = postSolution
		{0CCB3AE8-B7C8-4B46-A186-2FF8F0A5E656}.Debug|Any CPU.ActiveCfg = Debug|Any CPU
		{0CCB3AE8-B7C8-4B46-A186-2FF8F0A5E656}.Debug|Any CPU.Build.0 = Debug|Any CPU
		{0CCB3AE8-B7C8-4B46-A186-2FF8F0A5E656}.Release|Any CPU.ActiveCfg = Release|Any CPU
		{0CCB3AE8-B7C8-4B46-A186-2FF8F0A5E656}.Release|Any CPU.Build.0 = Release|Any CPU
	EndGlobalSection
	GlobalSection(SolutionProperties) = preSolution
		HideSolutionNode = FALSE
	EndGlobalSection
	GlobalSection(ExtensibilityGlobals) = postSolution
		SolutionGuid = {DF907647-0B2D-476D-826D-E28D10A1B5EE}
	EndGlobalSection
EndGlobal
